// !$*UTF8*$!
{
	archiveVersion = 1;
	classes = {
	};
	objectVersion = 56;
	objects = {

/* Begin PBXBuildFile section */
		F73D0B9A2B994A04006A8C4D /* RemindersSwiftUICoreDataApp.swift in Sources */ = {isa = PBXBuildFile; fileRef = F73D0B992B994A04006A8C4D /* RemindersSwiftUICoreDataApp.swift */; };
		F73D0B9E2B994A06006A8C4D /* Assets.xcassets in Resources */ = {isa = PBXBuildFile; fileRef = F73D0B9D2B994A06006A8C4D /* Assets.xcassets */; };
		F73D0BA12B994A06006A8C4D /* Preview Assets.xcassets in Resources */ = {isa = PBXBuildFile; fileRef = F73D0BA02B994A06006A8C4D /* Preview Assets.xcassets */; };
		F73D0BA82B994AAE006A8C4D /* CoreDataProvider.swift in Sources */ = {isa = PBXBuildFile; fileRef = F73D0BA72B994AAE006A8C4D /* CoreDataProvider.swift */; };
		F73D0BAB2B994AF5006A8C4D /* RemindersView.swift in Sources */ = {isa = PBXBuildFile; fileRef = F73D0BAA2B994AF5006A8C4D /* RemindersView.swift */; };
		F73D0BAE2B994D2D006A8C4D /* RemindersModel.xcdatamodeld in Sources */ = {isa = PBXBuildFile; fileRef = F73D0BAC2B994D2D006A8C4D /* RemindersModel.xcdatamodeld */; };
		F73D0BB12B994F73006A8C4D /* MyList+CoreDataClass.swift in Sources */ = {isa = PBXBuildFile; fileRef = F73D0BB02B994F73006A8C4D /* MyList+CoreDataClass.swift */; };
		F73D0BB32B994F91006A8C4D /* MyList+CoreDataProperties.swift in Sources */ = {isa = PBXBuildFile; fileRef = F73D0BB22B994F91006A8C4D /* MyList+CoreDataProperties.swift */; };
		F73D0BB62B9953FC006A8C4D /* AddNewListView.swift in Sources */ = {isa = PBXBuildFile; fileRef = F73D0BB52B9953FC006A8C4D /* AddNewListView.swift */; };
		F73D0BB82B99575C006A8C4D /* ColorPickerView.swift in Sources */ = {isa = PBXBuildFile; fileRef = F73D0BB72B99575C006A8C4D /* ColorPickerView.swift */; };
		F752A7A52B9A74A9001508F4 /* RemindersService.swift in Sources */ = {isa = PBXBuildFile; fileRef = F752A7A42B9A74A9001508F4 /* RemindersService.swift */; };
		F752A7A82B9A7742001508F4 /* UIColorTransformer.swift in Sources */ = {isa = PBXBuildFile; fileRef = F752A7A72B9A7742001508F4 /* UIColorTransformer.swift */; };
		F752A7AA2B9A7D9D001508F4 /* MyListView.swift in Sources */ = {isa = PBXBuildFile; fileRef = F752A7A92B9A7D9D001508F4 /* MyListView.swift */; };
		F752A7AC2B9A8083001508F4 /* MyListCellView.swift in Sources */ = {isa = PBXBuildFile; fileRef = F752A7AB2B9A8083001508F4 /* MyListCellView.swift */; };
		F752A7AE2B9A80BF001508F4 /* PreviewData.swift in Sources */ = {isa = PBXBuildFile; fileRef = F752A7AD2B9A80BF001508F4 /* PreviewData.swift */; };
		F752A7B12B9A8512001508F4 /* String+Extensions.swift in Sources */ = {isa = PBXBuildFile; fileRef = F752A7B02B9A8512001508F4 /* String+Extensions.swift */; };
		F77F958D2BA0F439006ADAA9 /* ReminderDetailView.swift in Sources */ = {isa = PBXBuildFile; fileRef = F77F958C2BA0F439006ADAA9 /* ReminderDetailView.swift */; };
		F77F95902BA0F569006ADAA9 /* ReminderEditConfig.swift in Sources */ = {isa = PBXBuildFile; fileRef = F77F958F2BA0F569006ADAA9 /* ReminderEditConfig.swift */; };
		F77F95932BA0F809006ADAA9 /* CustomOperators.swift in Sources */ = {isa = PBXBuildFile; fileRef = F77F95922BA0F809006ADAA9 /* CustomOperators.swift */; };
		F7E52D122B9F8C6A002F7C38 /* MyListDetailView.swift in Sources */ = {isa = PBXBuildFile; fileRef = F7E52D112B9F8C6A002F7C38 /* MyListDetailView.swift */; };
		F7E52D142B9F94ED002F7C38 /* ReminderListView.swift in Sources */ = {isa = PBXBuildFile; fileRef = F7E52D132B9F94ED002F7C38 /* ReminderListView.swift */; };
		F7E52D162B9F96B4002F7C38 /* ReminderCellView.swift in Sources */ = {isa = PBXBuildFile; fileRef = F7E52D152B9F96B4002F7C38 /* ReminderCellView.swift */; };
		F7E52D182B9F9AB5002F7C38 /* Date+Extensions.swift in Sources */ = {isa = PBXBuildFile; fileRef = F7E52D172B9F9AB5002F7C38 /* Date+Extensions.swift */; };
/* End PBXBuildFile section */

/* Begin PBXFileReference section */
		F73D0B962B994A04006A8C4D /* RemindersSwiftUICoreData.app */ = {isa = PBXFileReference; explicitFileType = wrapper.application; includeInIndex = 0; path = RemindersSwiftUICoreData.app; sourceTree = BUILT_PRODUCTS_DIR; };
		F73D0B992B994A04006A8C4D /* RemindersSwiftUICoreDataApp.swift */ = {isa = PBXFileReference; lastKnownFileType = sourcecode.swift; path = RemindersSwiftUICoreDataApp.swift; sourceTree = "<group>"; };
		F73D0B9D2B994A06006A8C4D /* Assets.xcassets */ = {isa = PBXFileReference; lastKnownFileType = folder.assetcatalog; path = Assets.xcassets; sourceTree = "<group>"; };
		F73D0BA02B994A06006A8C4D /* Preview Assets.xcassets */ = {isa = PBXFileReference; lastKnownFileType = folder.assetcatalog; path = "Preview Assets.xcassets"; sourceTree = "<group>"; };
		F73D0BA72B994AAE006A8C4D /* CoreDataProvider.swift */ = {isa = PBXFileReference; lastKnownFileType = sourcecode.swift; path = CoreDataProvider.swift; sourceTree = "<group>"; };
		F73D0BAA2B994AF5006A8C4D /* RemindersView.swift */ = {isa = PBXFileReference; lastKnownFileType = sourcecode.swift; path = RemindersView.swift; sourceTree = "<group>"; };
		F73D0BAD2B994D2D006A8C4D /* RemindersModel.xcdatamodel */ = {isa = PBXFileReference; lastKnownFileType = wrapper.xcdatamodel; path = RemindersModel.xcdatamodel; sourceTree = "<group>"; };
		F73D0BB02B994F73006A8C4D /* MyList+CoreDataClass.swift */ = {isa = PBXFileReference; lastKnownFileType = sourcecode.swift; path = "MyList+CoreDataClass.swift"; sourceTree = "<group>"; };
		F73D0BB22B994F91006A8C4D /* MyList+CoreDataProperties.swift */ = {isa = PBXFileReference; lastKnownFileType = sourcecode.swift; path = "MyList+CoreDataProperties.swift"; sourceTree = "<group>"; };
		F73D0BB52B9953FC006A8C4D /* AddNewListView.swift */ = {isa = PBXFileReference; lastKnownFileType = sourcecode.swift; path = AddNewListView.swift; sourceTree = "<group>"; };
		F73D0BB72B99575C006A8C4D /* ColorPickerView.swift */ = {isa = PBXFileReference; lastKnownFileType = sourcecode.swift; path = ColorPickerView.swift; sourceTree = "<group>"; };
		F752A7A42B9A74A9001508F4 /* RemindersService.swift */ = {isa = PBXFileReference; lastKnownFileType = sourcecode.swift; path = RemindersService.swift; sourceTree = "<group>"; };
		F752A7A72B9A7742001508F4 /* UIColorTransformer.swift */ = {isa = PBXFileReference; lastKnownFileType = sourcecode.swift; path = UIColorTransformer.swift; sourceTree = "<group>"; };
		F752A7A92B9A7D9D001508F4 /* MyListView.swift */ = {isa = PBXFileReference; lastKnownFileType = sourcecode.swift; path = MyListView.swift; sourceTree = "<group>"; };
		F752A7AB2B9A8083001508F4 /* MyListCellView.swift */ = {isa = PBXFileReference; lastKnownFileType = sourcecode.swift; path = MyListCellView.swift; sourceTree = "<group>"; };
		F752A7AD2B9A80BF001508F4 /* PreviewData.swift */ = {isa = PBXFileReference; lastKnownFileType = sourcecode.swift; path = PreviewData.swift; sourceTree = "<group>"; };
		F752A7B02B9A8512001508F4 /* String+Extensions.swift */ = {isa = PBXFileReference; lastKnownFileType = sourcecode.swift; path = "String+Extensions.swift"; sourceTree = "<group>"; };
		F77F958C2BA0F439006ADAA9 /* ReminderDetailView.swift */ = {isa = PBXFileReference; lastKnownFileType = sourcecode.swift; path = ReminderDetailView.swift; sourceTree = "<group>"; };
		F77F958F2BA0F569006ADAA9 /* ReminderEditConfig.swift */ = {isa = PBXFileReference; lastKnownFileType = sourcecode.swift; path = ReminderEditConfig.swift; sourceTree = "<group>"; };
		F77F95922BA0F809006ADAA9 /* CustomOperators.swift */ = {isa = PBXFileReference; lastKnownFileType = sourcecode.swift; path = CustomOperators.swift; sourceTree = "<group>"; };
		F7E52D112B9F8C6A002F7C38 /* MyListDetailView.swift */ = {isa = PBXFileReference; lastKnownFileType = sourcecode.swift; path = MyListDetailView.swift; sourceTree = "<group>"; };
		F7E52D132B9F94ED002F7C38 /* ReminderListView.swift */ = {isa = PBXFileReference; lastKnownFileType = sourcecode.swift; path = ReminderListView.swift; sourceTree = "<group>"; };
		F7E52D152B9F96B4002F7C38 /* ReminderCellView.swift */ = {isa = PBXFileReference; lastKnownFileType = sourcecode.swift; path = ReminderCellView.swift; sourceTree = "<group>"; };
		F7E52D172B9F9AB5002F7C38 /* Date+Extensions.swift */ = {isa = PBXFileReference; lastKnownFileType = sourcecode.swift; path = "Date+Extensions.swift"; sourceTree = "<group>"; };
/* End PBXFileReference section */

/* Begin PBXFrameworksBuildPhase section */
		F73D0B932B994A04006A8C4D /* Frameworks */ = {
			isa = PBXFrameworksBuildPhase;
			buildActionMask = 2147483647;
			files = (
			);
			runOnlyForDeploymentPostprocessing = 0;
		};
/* End PBXFrameworksBuildPhase section */

/* Begin PBXGroup section */
		F73D0B8D2B994A04006A8C4D = {
			isa = PBXGroup;
			children = (
				F73D0B982B994A04006A8C4D /* RemindersSwiftUICoreData */,
				F73D0B972B994A04006A8C4D /* Products */,
			);
			sourceTree = "<group>";
		};
		F73D0B972B994A04006A8C4D /* Products */ = {
			isa = PBXGroup;
			children = (
				F73D0B962B994A04006A8C4D /* RemindersSwiftUICoreData.app */,
			);
			name = Products;
			sourceTree = "<group>";
		};
		F73D0B982B994A04006A8C4D /* RemindersSwiftUICoreData */ = {
			isa = PBXGroup;
			children = (
				F752A7AF2B9A84E7001508F4 /* Extensions */,
				F73D0BAF2B994F36006A8C4D /* Models */,
				F73D0BA92B994AB8006A8C4D /* Providers */,
				F752A7A32B9A73DE001508F4 /* Services */,
				F752A7A62B9A7719001508F4 /* Transformers */,
				F73D0BB42B9953DF006A8C4D /* Views */,
				F77F95912BA0F7A6006ADAA9 /* Utils */,
				F73D0B992B994A04006A8C4D /* RemindersSwiftUICoreDataApp.swift */,
				F73D0B9D2B994A06006A8C4D /* Assets.xcassets */,
				F73D0B9F2B994A06006A8C4D /* Preview Content */,
				F73D0BAC2B994D2D006A8C4D /* RemindersModel.xcdatamodeld */,
			);
			path = RemindersSwiftUICoreData;
			sourceTree = "<group>";
		};
		F73D0B9F2B994A06006A8C4D /* Preview Content */ = {
			isa = PBXGroup;
			children = (
				F73D0BA02B994A06006A8C4D /* Preview Assets.xcassets */,
				F752A7AD2B9A80BF001508F4 /* PreviewData.swift */,
			);
			path = "Preview Content";
			sourceTree = "<group>";
		};
		F73D0BA92B994AB8006A8C4D /* Providers */ = {
			isa = PBXGroup;
			children = (
				F73D0BA72B994AAE006A8C4D /* CoreDataProvider.swift */,
			);
			path = Providers;
			sourceTree = "<group>";
		};
		F73D0BAF2B994F36006A8C4D /* Models */ = {
			isa = PBXGroup;
			children = (
				F77F958E2BA0F526006ADAA9 /* EditConfigs */,
				F73D0BB02B994F73006A8C4D /* MyList+CoreDataClass.swift */,
				F73D0BB22B994F91006A8C4D /* MyList+CoreDataProperties.swift */,
			);
			path = Models;
			sourceTree = "<group>";
		};
		F73D0BB42B9953DF006A8C4D /* Views */ = {
			isa = PBXGroup;
			children = (
				F73D0BAA2B994AF5006A8C4D /* RemindersView.swift */,
				F73D0BB52B9953FC006A8C4D /* AddNewListView.swift */,
				F73D0BB72B99575C006A8C4D /* ColorPickerView.swift */,
				F752A7A92B9A7D9D001508F4 /* MyListView.swift */,
				F752A7AB2B9A8083001508F4 /* MyListCellView.swift */,
				F7E52D112B9F8C6A002F7C38 /* MyListDetailView.swift */,
				F7E52D132B9F94ED002F7C38 /* ReminderListView.swift */,
				F7E52D152B9F96B4002F7C38 /* ReminderCellView.swift */,
				F77F958C2BA0F439006ADAA9 /* ReminderDetailView.swift */,
			);
			path = Views;
			sourceTree = "<group>";
		};
		F752A7A32B9A73DE001508F4 /* Services */ = {
			isa = PBXGroup;
			children = (
				F752A7A42B9A74A9001508F4 /* RemindersService.swift */,
			);
			path = Services;
			sourceTree = "<group>";
		};
		F752A7A62B9A7719001508F4 /* Transformers */ = {
			isa = PBXGroup;
			children = (
				F752A7A72B9A7742001508F4 /* UIColorTransformer.swift */,
			);
			path = Transformers;
			sourceTree = "<group>";
		};
		F752A7AF2B9A84E7001508F4 /* Extensions */ = {
			isa = PBXGroup;
			children = (
				F752A7B02B9A8512001508F4 /* String+Extensions.swift */,
				F7E52D172B9F9AB5002F7C38 /* Date+Extensions.swift */,
			);
			path = Extensions;
			sourceTree = "<group>";
		};
		F77F958E2BA0F526006ADAA9 /* EditConfigs */ = {
			isa = PBXGroup;
			children = (
				F77F958F2BA0F569006ADAA9 /* ReminderEditConfig.swift */,
			);
			path = EditConfigs;
			sourceTree = "<group>";
		};
		F77F95912BA0F7A6006ADAA9 /* Utils */ = {
			isa = PBXGroup;
			children = (
				F77F95922BA0F809006ADAA9 /* CustomOperators.swift */,
			);
			path = Utils;
			sourceTree = "<group>";
		};
/* End PBXGroup section */

/* Begin PBXNativeTarget section */
		F73D0B952B994A04006A8C4D /* RemindersSwiftUICoreData */ = {
			isa = PBXNativeTarget;
			buildConfigurationList = F73D0BA42B994A06006A8C4D /* Build configuration list for PBXNativeTarget "RemindersSwiftUICoreData" */;
			buildPhases = (
				F73D0B922B994A04006A8C4D /* Sources */,
				F73D0B932B994A04006A8C4D /* Frameworks */,
				F73D0B942B994A04006A8C4D /* Resources */,
			);
			buildRules = (
			);
			dependencies = (
			);
			name = RemindersSwiftUICoreData;
			productName = RemindersSwiftUICoreData;
			productReference = F73D0B962B994A04006A8C4D /* RemindersSwiftUICoreData.app */;
			productType = "com.apple.product-type.application";
		};
/* End PBXNativeTarget section */

/* Begin PBXProject section */
		F73D0B8E2B994A04006A8C4D /* Project object */ = {
			isa = PBXProject;
			attributes = {
				BuildIndependentTargetsInParallel = 1;
				LastSwiftUpdateCheck = 1520;
				LastUpgradeCheck = 1520;
				TargetAttributes = {
					F73D0B952B994A04006A8C4D = {
						CreatedOnToolsVersion = 15.2;
					};
				};
			};
			buildConfigurationList = F73D0B912B994A04006A8C4D /* Build configuration list for PBXProject "RemindersSwiftUICoreData" */;
			compatibilityVersion = "Xcode 14.0";
			developmentRegion = en;
			hasScannedForEncodings = 0;
			knownRegions = (
				en,
				Base,
			);
			mainGroup = F73D0B8D2B994A04006A8C4D;
			productRefGroup = F73D0B972B994A04006A8C4D /* Products */;
			projectDirPath = "";
			projectRoot = "";
			targets = (
				F73D0B952B994A04006A8C4D /* RemindersSwiftUICoreData */,
			);
		};
/* End PBXProject section */

/* Begin PBXResourcesBuildPhase section */
		F73D0B942B994A04006A8C4D /* Resources */ = {
			isa = PBXResourcesBuildPhase;
			buildActionMask = 2147483647;
			files = (
				F73D0BA12B994A06006A8C4D /* Preview Assets.xcassets in Resources */,
				F73D0B9E2B994A06006A8C4D /* Assets.xcassets in Resources */,
			);
			runOnlyForDeploymentPostprocessing = 0;
		};
/* End PBXResourcesBuildPhase section */

/* Begin PBXSourcesBuildPhase section */
		F73D0B922B994A04006A8C4D /* Sources */ = {
			isa = PBXSourcesBuildPhase;
			buildActionMask = 2147483647;
			files = (
				F752A7AC2B9A8083001508F4 /* MyListCellView.swift in Sources */,
				F73D0BB82B99575C006A8C4D /* ColorPickerView.swift in Sources */,
				F73D0B9A2B994A04006A8C4D /* RemindersSwiftUICoreDataApp.swift in Sources */,
				F73D0BAE2B994D2D006A8C4D /* RemindersModel.xcdatamodeld in Sources */,
				F752A7AE2B9A80BF001508F4 /* PreviewData.swift in Sources */,
				F752A7A82B9A7742001508F4 /* UIColorTransformer.swift in Sources */,
				F7E52D122B9F8C6A002F7C38 /* MyListDetailView.swift in Sources */,
				F73D0BA82B994AAE006A8C4D /* CoreDataProvider.swift in Sources */,
				F73D0BB32B994F91006A8C4D /* MyList+CoreDataProperties.swift in Sources */,
				F77F95902BA0F569006ADAA9 /* ReminderEditConfig.swift in Sources */,
				F752A7B12B9A8512001508F4 /* String+Extensions.swift in Sources */,
				F73D0BB62B9953FC006A8C4D /* AddNewListView.swift in Sources */,
				F7E52D182B9F9AB5002F7C38 /* Date+Extensions.swift in Sources */,
				F73D0BB12B994F73006A8C4D /* MyList+CoreDataClass.swift in Sources */,
				F77F958D2BA0F439006ADAA9 /* ReminderDetailView.swift in Sources */,
				F752A7A52B9A74A9001508F4 /* RemindersService.swift in Sources */,
				F752A7AA2B9A7D9D001508F4 /* MyListView.swift in Sources */,
				F7E52D142B9F94ED002F7C38 /* ReminderListView.swift in Sources */,
				F73D0BAB2B994AF5006A8C4D /* RemindersView.swift in Sources */,
				F7E52D162B9F96B4002F7C38 /* ReminderCellView.swift in Sources */,
				F77F95932BA0F809006ADAA9 /* CustomOperators.swift in Sources */,
			);
			runOnlyForDeploymentPostprocessing = 0;
		};
/* End PBXSourcesBuildPhase section */

/* Begin XCBuildConfiguration section */
		F73D0BA22B994A06006A8C4D /* Debug */ = {
			isa = XCBuildConfiguration;
			buildSettings = {
				ALWAYS_SEARCH_USER_PATHS = NO;
				ASSETCATALOG_COMPILER_GENERATE_SWIFT_ASSET_SYMBOL_EXTENSIONS = YES;
				CLANG_ANALYZER_NONNULL = YES;
				CLANG_ANALYZER_NUMBER_OBJECT_CONVERSION = YES_AGGRESSIVE;
				CLANG_CXX_LANGUAGE_STANDARD = "gnu++20";
				CLANG_ENABLE_MODULES = YES;
				CLANG_ENABLE_OBJC_ARC = YES;
				CLANG_ENABLE_OBJC_WEAK = YES;
				CLANG_WARN_BLOCK_CAPTURE_AUTORELEASING = YES;
				CLANG_WARN_BOOL_CONVERSION = YES;
				CLANG_WARN_COMMA = YES;
				CLANG_WARN_CONSTANT_CONVERSION = YES;
				CLANG_WARN_DEPRECATED_OBJC_IMPLEMENTATIONS = YES;
				CLANG_WARN_DIRECT_OBJC_ISA_USAGE = YES_ERROR;
				CLANG_WARN_DOCUMENTATION_COMMENTS = YES;
				CLANG_WARN_EMPTY_BODY = YES;
				CLANG_WARN_ENUM_CONVERSION = YES;
				CLANG_WARN_INFINITE_RECURSION = YES;
				CLANG_WARN_INT_CONVERSION = YES;
				CLANG_WARN_NON_LITERAL_NULL_CONVERSION = YES;
				CLANG_WARN_OBJC_IMPLICIT_RETAIN_SELF = YES;
				CLANG_WARN_OBJC_LITERAL_CONVERSION = YES;
				CLANG_WARN_OBJC_ROOT_CLASS = YES_ERROR;
				CLANG_WARN_QUOTED_INCLUDE_IN_FRAMEWORK_HEADER = YES;
				CLANG_WARN_RANGE_LOOP_ANALYSIS = YES;
				CLANG_WARN_STRICT_PROTOTYPES = YES;
				CLANG_WARN_SUSPICIOUS_MOVE = YES;
				CLANG_WARN_UNGUARDED_AVAILABILITY = YES_AGGRESSIVE;
				CLANG_WARN_UNREACHABLE_CODE = YES;
				CLANG_WARN__DUPLICATE_METHOD_MATCH = YES;
				COPY_PHASE_STRIP = NO;
				DEBUG_INFORMATION_FORMAT = dwarf;
				ENABLE_STRICT_OBJC_MSGSEND = YES;
				ENABLE_TESTABILITY = YES;
				ENABLE_USER_SCRIPT_SANDBOXING = YES;
				GCC_C_LANGUAGE_STANDARD = gnu17;
				GCC_DYNAMIC_NO_PIC = NO;
				GCC_NO_COMMON_BLOCKS = YES;
				GCC_OPTIMIZATION_LEVEL = 0;
				GCC_PREPROCESSOR_DEFINITIONS = (
					"DEBUG=1",
					"$(inherited)",
				);
				GCC_WARN_64_TO_32_BIT_CONVERSION = YES;
				GCC_WARN_ABOUT_RETURN_TYPE = YES_ERROR;
				GCC_WARN_UNDECLARED_SELECTOR = YES;
				GCC_WARN_UNINITIALIZED_AUTOS = YES_AGGRESSIVE;
				GCC_WARN_UNUSED_FUNCTION = YES;
				GCC_WARN_UNUSED_VARIABLE = YES;
				IPHONEOS_DEPLOYMENT_TARGET = 17.2;
				LOCALIZATION_PREFERS_STRING_CATALOGS = YES;
				MTL_ENABLE_DEBUG_INFO = INCLUDE_SOURCE;
				MTL_FAST_MATH = YES;
				ONLY_ACTIVE_ARCH = YES;
				SDKROOT = iphoneos;
				SWIFT_ACTIVE_COMPILATION_CONDITIONS = "DEBUG $(inherited)";
				SWIFT_OPTIMIZATION_LEVEL = "-Onone";
			};
			name = Debug;
		};
		F73D0BA32B994A06006A8C4D /* Release */ = {
			isa = XCBuildConfiguration;
			buildSettings = {
				ALWAYS_SEARCH_USER_PATHS = NO;
				ASSETCATALOG_COMPILER_GENERATE_SWIFT_ASSET_SYMBOL_EXTENSIONS = YES;
				CLANG_ANALYZER_NONNULL = YES;
				CLANG_ANALYZER_NUMBER_OBJECT_CONVERSION = YES_AGGRESSIVE;
				CLANG_CXX_LANGUAGE_STANDARD = "gnu++20";
				CLANG_ENABLE_MODULES = YES;
				CLANG_ENABLE_OBJC_ARC = YES;
				CLANG_ENABLE_OBJC_WEAK = YES;
				CLANG_WARN_BLOCK_CAPTURE_AUTORELEASING = YES;
				CLANG_WARN_BOOL_CONVERSION = YES;
				CLANG_WARN_COMMA = YES;
				CLANG_WARN_CONSTANT_CONVERSION = YES;
				CLANG_WARN_DEPRECATED_OBJC_IMPLEMENTATIONS = YES;
				CLANG_WARN_DIRECT_OBJC_ISA_USAGE = YES_ERROR;
				CLANG_WARN_DOCUMENTATION_COMMENTS = YES;
				CLANG_WARN_EMPTY_BODY = YES;
				CLANG_WARN_ENUM_CONVERSION = YES;
				CLANG_WARN_INFINITE_RECURSION = YES;
				CLANG_WARN_INT_CONVERSION = YES;
				CLANG_WARN_NON_LITERAL_NULL_CONVERSION = YES;
				CLANG_WARN_OBJC_IMPLICIT_RETAIN_SELF = YES;
				CLANG_WARN_OBJC_LITERAL_CONVERSION = YES;
				CLANG_WARN_OBJC_ROOT_CLASS = YES_ERROR;
				CLANG_WARN_QUOTED_INCLUDE_IN_FRAMEWORK_HEADER = YES;
				CLANG_WARN_RANGE_LOOP_ANALYSIS = YES;
				CLANG_WARN_STRICT_PROTOTYPES = YES;
				CLANG_WARN_SUSPICIOUS_MOVE = YES;
				CLANG_WARN_UNGUARDED_AVAILABILITY = YES_AGGRESSIVE;
				CLANG_WARN_UNREACHABLE_CODE = YES;
				CLANG_WARN__DUPLICATE_METHOD_MATCH = YES;
				COPY_PHASE_STRIP = NO;
				DEBUG_INFORMATION_FORMAT = "dwarf-with-dsym";
				ENABLE_NS_ASSERTIONS = NO;
				ENABLE_STRICT_OBJC_MSGSEND = YES;
				ENABLE_USER_SCRIPT_SANDBOXING = YES;
				GCC_C_LANGUAGE_STANDARD = gnu17;
				GCC_NO_COMMON_BLOCKS = YES;
				GCC_WARN_64_TO_32_BIT_CONVERSION = YES;
				GCC_WARN_ABOUT_RETURN_TYPE = YES_ERROR;
				GCC_WARN_UNDECLARED_SELECTOR = YES;
				GCC_WARN_UNINITIALIZED_AUTOS = YES_AGGRESSIVE;
				GCC_WARN_UNUSED_FUNCTION = YES;
				GCC_WARN_UNUSED_VARIABLE = YES;
				IPHONEOS_DEPLOYMENT_TARGET = 17.2;
				LOCALIZATION_PREFERS_STRING_CATALOGS = YES;
				MTL_ENABLE_DEBUG_INFO = NO;
				MTL_FAST_MATH = YES;
				SDKROOT = iphoneos;
				SWIFT_COMPILATION_MODE = wholemodule;
				VALIDATE_PRODUCT = YES;
			};
			name = Release;
		};
		F73D0BA52B994A06006A8C4D /* Debug */ = {
			isa = XCBuildConfiguration;
			buildSettings = {
				ASSETCATALOG_COMPILER_APPICON_NAME = AppIcon;
				ASSETCATALOG_COMPILER_GLOBAL_ACCENT_COLOR_NAME = AccentColor;
				CODE_SIGN_STYLE = Automatic;
				CURRENT_PROJECT_VERSION = 1;
				DEVELOPMENT_ASSET_PATHS = "\"RemindersSwiftUICoreData/Preview Content\"";
				DEVELOPMENT_TEAM = 6D9CKTK39V;
				ENABLE_PREVIEWS = YES;
				GENERATE_INFOPLIST_FILE = YES;
				INFOPLIST_KEY_UIApplicationSceneManifest_Generation = YES;
				INFOPLIST_KEY_UIApplicationSupportsIndirectInputEvents = YES;
				INFOPLIST_KEY_UILaunchScreen_Generation = YES;
				INFOPLIST_KEY_UISupportedInterfaceOrientations_iPad = "UIInterfaceOrientationPortrait UIInterfaceOrientationPortraitUpsideDown UIInterfaceOrientationLandscapeLeft UIInterfaceOrientationLandscapeRight";
				INFOPLIST_KEY_UISupportedInterfaceOrientations_iPhone = "UIInterfaceOrientationPortrait UIInterfaceOrientationLandscapeLeft UIInterfaceOrientationLandscapeRight";
				LD_RUNPATH_SEARCH_PATHS = (
					"$(inherited)",
					"@executable_path/Frameworks",
				);
				MARKETING_VERSION = 1.0;
				PRODUCT_BUNDLE_IDENTIFIER = trvl.RemindersSwiftUICoreData;
				PRODUCT_NAME = "$(TARGET_NAME)";
				SWIFT_EMIT_LOC_STRINGS = YES;
				SWIFT_VERSION = 5.0;
				TARGETED_DEVICE_FAMILY = "1,2";
			};
			name = Debug;
		};
		F73D0BA62B994A06006A8C4D /* Release */ = {
			isa = XCBuildConfiguration;
			buildSettings = {
				ASSETCATALOG_COMPILER_APPICON_NAME = AppIcon;
				ASSETCATALOG_COMPILER_GLOBAL_ACCENT_COLOR_NAME = AccentColor;
				CODE_SIGN_STYLE = Automatic;
				CURRENT_PROJECT_VERSION = 1;
				DEVELOPMENT_ASSET_PATHS = "\"RemindersSwiftUICoreData/Preview Content\"";
				DEVELOPMENT_TEAM = 6D9CKTK39V;
				ENABLE_PREVIEWS = YES;
				GENERATE_INFOPLIST_FILE = YES;
				INFOPLIST_KEY_UIApplicationSceneManifest_Generation = YES;
				INFOPLIST_KEY_UIApplicationSupportsIndirectInputEvents = YES;
				INFOPLIST_KEY_UILaunchScreen_Generation = YES;
				INFOPLIST_KEY_UISupportedInterfaceOrientations_iPad = "UIInterfaceOrientationPortrait UIInterfaceOrientationPortraitUpsideDown UIInterfaceOrientationLandscapeLeft UIInterfaceOrientationLandscapeRight";
				INFOPLIST_KEY_UISupportedInterfaceOrientations_iPhone = "UIInterfaceOrientationPortrait UIInterfaceOrientationLandscapeLeft UIInterfaceOrientationLandscapeRight";
				LD_RUNPATH_SEARCH_PATHS = (
					"$(inherited)",
					"@executable_path/Frameworks",
				);
				MARKETING_VERSION = 1.0;
				PRODUCT_BUNDLE_IDENTIFIER = trvl.RemindersSwiftUICoreData;
				PRODUCT_NAME = "$(TARGET_NAME)";
				SWIFT_EMIT_LOC_STRINGS = YES;
				SWIFT_VERSION = 5.0;
				TARGETED_DEVICE_FAMILY = "1,2";
			};
			name = Release;
		};
/* End XCBuildConfiguration section */

/* Begin XCConfigurationList section */
		F73D0B912B994A04006A8C4D /* Build configuration list for PBXProject "RemindersSwiftUICoreData" */ = {
			isa = XCConfigurationList;
			buildConfigurations = (
				F73D0BA22B994A06006A8C4D /* Debug */,
				F73D0BA32B994A06006A8C4D /* Release */,
			);
			defaultConfigurationIsVisible = 0;
			defaultConfigurationName = Release;
		};
		F73D0BA42B994A06006A8C4D /* Build configuration list for PBXNativeTarget "RemindersSwiftUICoreData" */ = {
			isa = XCConfigurationList;
			buildConfigurations = (
				F73D0BA52B994A06006A8C4D /* Debug */,
				F73D0BA62B994A06006A8C4D /* Release */,
			);
			defaultConfigurationIsVisible = 0;
			defaultConfigurationName = Release;
		};
/* End XCConfigurationList section */

/* Begin XCVersionGroup section */
		F73D0BAC2B994D2D006A8C4D /* RemindersModel.xcdatamodeld */ = {
			isa = XCVersionGroup;
			children = (
				F73D0BAD2B994D2D006A8C4D /* RemindersModel.xcdatamodel */,
			);
			currentVersion = F73D0BAD2B994D2D006A8C4D /* RemindersModel.xcdatamodel */;
			path = RemindersModel.xcdatamodeld;
			sourceTree = "<group>";
			versionGroupType = wrapper.xcdatamodel;
		};
/* End XCVersionGroup section */
	};
	rootObject = F73D0B8E2B994A04006A8C4D /* Project object */;
}
